
Microsoft Visual Studio Solution File, Format Version 12.00
# Visual Studio Version 17
VisualStudioVersion = 17.10.35004.147
MinimumVisualStudioVersion = 10.0.40219.1
Project("{FAE04EC0-301F-11D3-BF4B-00C04F79EFBC}") = "Task1", "Task1\Task1.csproj", "{FC52F17D-9E24-4CFC-ABC3-8E1F9E493BCD}"
EndProject
Project("{FAE04EC0-301F-11D3-BF4B-00C04F79EFBC}") = "Task2", "Task2\Task2.csproj", "{9A369279-EC04-405B-BF3A-0BBC0C3E2F42}"
EndProject
Global
	GlobalSection(SolutionConfigurationPlatforms) = preSolution
		Debug|Any CPU = Debug|Any CPU
		Release|Any CPU = Release|Any CPU
	EndGlobalSection
	GlobalSection(ProjectConfigurationPlatforms) = postSolution
		{FC52F17D-9E24-4CFC-ABC3-8E1F9E493BCD}.Debug|Any CPU.ActiveCfg = Debug|Any CPU
		{FC52F17D-9E24-4CFC-ABC3-8E1F9E493BCD}.Debug|Any CPU.Build.0 = Debug|Any CPU
		{FC52F17D-9E24-4CFC-ABC3-8E1F9E493BCD}.Release|Any CPU.ActiveCfg = Release|Any CPU
		{FC52F17D-9E24-4CFC-ABC3-8E1F9E493BCD}.Release|Any CPU.Build.0 = Release|Any CPU
		{9A369279-EC04-405B-BF3A-0BBC0C3E2F42}.Debug|Any CPU.ActiveCfg = Debug|Any CPU
		{9A369279-EC04-405B-BF3A-0BBC0C3E2F42}.Debug|Any CPU.Build.0 = Debug|Any CPU
		{9A369279-EC04-405B-BF3A-0BBC0C3E2F42}.Release|Any CPU.ActiveCfg = Release|Any CPU
		{9A369279-EC04-405B-BF3A-0BBC0C3E2F42}.Release|Any CPU.Build.0 = Release|Any CPU
	EndGlobalSection
	GlobalSection(SolutionProperties) = preSolution
		HideSolutionNode = FALSE
	EndGlobalSection
	GlobalSection(ExtensibilityGlobals) = postSolution
		SolutionGuid = {CB39E18C-3D78-4F3A-9927-BBA3ACE75C1B}
	EndGlobalSection
EndGlobal
